// !$*UTF8*$!
{
	archiveVersion = 1;
	classes = {
	};
	objectVersion = 46;
	objects = {

/* Begin PBXBuildFile section */
		518E939E15428D3B0040B782 /* GCDAsyncSocket.m in Sources */ = {isa = PBXBuildFile; fileRef = 518E939D15428D3B0040B782 /* GCDAsyncSocket.m */; };
		518E93A015428F450040B782 /* Security.framework in Frameworks */ = {isa = PBXBuildFile; fileRef = 518E939F15428F450040B782 /* Security.framework */; };
		518E93A215428F6A0040B782 /* CFNetwork.framework in Frameworks */ = {isa = PBXBuildFile; fileRef = 518E93A115428F6A0040B782 /* CFNetwork.framework */; };
		51DC5FE4153F8D020040AE3B /* UIKit.framework in Frameworks */ = {isa = PBXBuildFile; fileRef = 51DC5FE3153F8D020040AE3B /* UIKit.framework */; };
		51DC5FE6153F8D020040AE3B /* Foundation.framework in Frameworks */ = {isa = PBXBuildFile; fileRef = 51DC5FE5153F8D020040AE3B /* Foundation.framework */; };
		51DC5FE8153F8D020040AE3B /* CoreGraphics.framework in Frameworks */ = {isa = PBXBuildFile; fileRef = 51DC5FE7153F8D020040AE3B /* CoreGraphics.framework */; };
		51DC5FEE153F8D020040AE3B /* InfoPlist.strings in Resources */ = {isa = PBXBuildFile; fileRef = 51DC5FEC153F8D020040AE3B /* InfoPlist.strings */; };
		51DC5FF0153F8D020040AE3B /* main.m in Sources */ = {isa = PBXBuildFile; fileRef = 51DC5FEF153F8D020040AE3B /* main.m */; };
		51DC5FF4153F8D020040AE3B /* AppDelegate.m in Sources */ = {isa = PBXBuildFile; fileRef = 51DC5FF3153F8D020040AE3B /* AppDelegate.m */; };
		51DC5FF7153F8D020040AE3B /* ViewController.m in Sources */ = {isa = PBXBuildFile; fileRef = 51DC5FF6153F8D020040AE3B /* ViewController.m */; };
		51DC5FFA153F8D020040AE3B /* ViewController.xib in Resources */ = {isa = PBXBuildFile; fileRef = 51DC5FF8153F8D020040AE3B /* ViewController.xib */; };
		51DC6006153F92BD0040AE3B /* MediaPlayer.framework in Frameworks */ = {isa = PBXBuildFile; fileRef = 51DC6005153F92BD0040AE3B /* MediaPlayer.framework */; };
		51F18369153F981700EC1E77 /* AVFoundation.framework in Frameworks */ = {isa = PBXBuildFile; fileRef = 51F18368153F981700EC1E77 /* AVFoundation.framework */; };
		51F1836C153F9B0F00EC1E77 /* CoreMedia.framework in Frameworks */ = {isa = PBXBuildFile; fileRef = 51F1836B153F9B0F00EC1E77 /* CoreMedia.framework */; };
		51F18373153FEF8F00EC1E77 /* FetchAudioOperation.m in Sources */ = {isa = PBXBuildFile; fileRef = 51F18372153FEF8F00EC1E77 /* FetchAudioOperation.m */; };
		51F1837E1540AB9000EC1E77 /* CoreAudio.framework in Frameworks */ = {isa = PBXBuildFile; fileRef = 51F1837D1540AB9000EC1E77 /* CoreAudio.framework */; };
		51F183821540AC2F00EC1E77 /* AudioToolbox.framework in Frameworks */ = {isa = PBXBuildFile; fileRef = 51F183811540AC2F00EC1E77 /* AudioToolbox.framework */; };
		51F183881541362300EC1E77 /* CoreMotion.framework in Frameworks */ = {isa = PBXBuildFile; fileRef = 51F183871541362300EC1E77 /* CoreMotion.framework */; };
		51F18396154221CC00EC1E77 /* GCDAsyncUdpSocket.m in Sources */ = {isa = PBXBuildFile; fileRef = 51F18395154221CC00EC1E77 /* GCDAsyncUdpSocket.m */; };
		51F183991542374000EC1E77 /* pause.png in Resources */ = {isa = PBXBuildFile; fileRef = 51F183971542374000EC1E77 /* pause.png */; };
		51F1839A1542374000EC1E77 /* play.png in Resources */ = {isa = PBXBuildFile; fileRef = 51F183981542374000EC1E77 /* play.png */; };
/* End PBXBuildFile section */

/* Begin PBXFileReference section */
		518E939C15428D3B0040B782 /* GCDAsyncSocket.h */ = {isa = PBXFileReference; fileEncoding = 4; lastKnownFileType = sourcecode.c.h; path = GCDAsyncSocket.h; sourceTree = "<group>"; };
		518E939D15428D3B0040B782 /* GCDAsyncSocket.m */ = {isa = PBXFileReference; fileEncoding = 4; lastKnownFileType = sourcecode.c.objc; path = GCDAsyncSocket.m; sourceTree = "<group>"; };
		518E939F15428F450040B782 /* Security.framework */ = {isa = PBXFileReference; lastKnownFileType = wrapper.framework; name = Security.framework; path = System/Library/Frameworks/Security.framework; sourceTree = SDKROOT; };
		518E93A115428F6A0040B782 /* CFNetwork.framework */ = {isa = PBXFileReference; lastKnownFileType = wrapper.framework; name = CFNetwork.framework; path = System/Library/Frameworks/CFNetwork.framework; sourceTree = SDKROOT; };
		51DC5FDF153F8D020040AE3B /* audio.app */ = {isa = PBXFileReference; explicitFileType = wrapper.application; includeInIndex = 0; path = audio.app; sourceTree = BUILT_PRODUCTS_DIR; };
		51DC5FE3153F8D020040AE3B /* UIKit.framework */ = {isa = PBXFileReference; lastKnownFileType = wrapper.framework; name = UIKit.framework; path = System/Library/Frameworks/UIKit.framework; sourceTree = SDKROOT; };
		51DC5FE5153F8D020040AE3B /* Foundation.framework */ = {isa = PBXFileReference; lastKnownFileType = wrapper.framework; name = Foundation.framework; path = System/Library/Frameworks/Foundation.framework; sourceTree = SDKROOT; };
		51DC5FE7153F8D020040AE3B /* CoreGraphics.framework */ = {isa = PBXFileReference; lastKnownFileType = wrapper.framework; name = CoreGraphics.framework; path = System/Library/Frameworks/CoreGraphics.framework; sourceTree = SDKROOT; };
		51DC5FEB153F8D020040AE3B /* audio-Info.plist */ = {isa = PBXFileReference; lastKnownFileType = text.plist.xml; path = "audio-Info.plist"; sourceTree = "<group>"; };
		51DC5FED153F8D020040AE3B /* en */ = {isa = PBXFileReference; lastKnownFileType = text.plist.strings; name = en; path = en.lproj/InfoPlist.strings; sourceTree = "<group>"; };
		51DC5FEF153F8D020040AE3B /* main.m */ = {isa = PBXFileReference; lastKnownFileType = sourcecode.c.objc; path = main.m; sourceTree = "<group>"; };
		51DC5FF1153F8D020040AE3B /* audio-Prefix.pch */ = {isa = PBXFileReference; lastKnownFileType = sourcecode.c.h; path = "audio-Prefix.pch"; sourceTree = "<group>"; };
		51DC5FF2153F8D020040AE3B /* AppDelegate.h */ = {isa = PBXFileReference; lastKnownFileType = sourcecode.c.h; path = AppDelegate.h; sourceTree = "<group>"; };
		51DC5FF3153F8D020040AE3B /* AppDelegate.m */ = {isa = PBXFileReference; lastKnownFileType = sourcecode.c.objc; path = AppDelegate.m; sourceTree = "<group>"; };
		51DC5FF5153F8D020040AE3B /* ViewController.h */ = {isa = PBXFileReference; lastKnownFileType = sourcecode.c.h; path = ViewController.h; sourceTree = "<group>"; };
		51DC5FF6153F8D020040AE3B /* ViewController.m */ = {isa = PBXFileReference; lastKnownFileType = sourcecode.c.objc; path = ViewController.m; sourceTree = "<group>"; };
		51DC5FF9153F8D020040AE3B /* en */ = {isa = PBXFileReference; lastKnownFileType = file.xib; name = en; path = en.lproj/ViewController.xib; sourceTree = "<group>"; };
		51DC6005153F92BD0040AE3B /* MediaPlayer.framework */ = {isa = PBXFileReference; lastKnownFileType = wrapper.framework; name = MediaPlayer.framework; path = System/Library/Frameworks/MediaPlayer.framework; sourceTree = SDKROOT; };
		51F18368153F981700EC1E77 /* AVFoundation.framework */ = {isa = PBXFileReference; lastKnownFileType = wrapper.framework; name = AVFoundation.framework; path = System/Library/Frameworks/AVFoundation.framework; sourceTree = SDKROOT; };
		51F1836B153F9B0F00EC1E77 /* CoreMedia.framework */ = {isa = PBXFileReference; lastKnownFileType = wrapper.framework; name = CoreMedia.framework; path = System/Library/Frameworks/CoreMedia.framework; sourceTree = SDKROOT; };
		51F18371153FEF8F00EC1E77 /* FetchAudioOperation.h */ = {isa = PBXFileReference; fileEncoding = 4; lastKnownFileType = sourcecode.c.h; path = FetchAudioOperation.h; sourceTree = "<group>"; };
		51F18372153FEF8F00EC1E77 /* FetchAudioOperation.m */ = {isa = PBXFileReference; fileEncoding = 4; lastKnownFileType = sourcecode.c.objc; path = FetchAudioOperation.m; sourceTree = "<group>"; };
		51F1837D1540AB9000EC1E77 /* CoreAudio.framework */ = {isa = PBXFileReference; lastKnownFileType = wrapper.framework; name = CoreAudio.framework; path = System/Library/Frameworks/CoreAudio.framework; sourceTree = SDKROOT; };
		51F183811540AC2F00EC1E77 /* AudioToolbox.framework */ = {isa = PBXFileReference; lastKnownFileType = wrapper.framework; name = AudioToolbox.framework; path = System/Library/Frameworks/AudioToolbox.framework; sourceTree = SDKROOT; };
		51F183871541362300EC1E77 /* CoreMotion.framework */ = {isa = PBXFileReference; lastKnownFileType = wrapper.framework; name = CoreMotion.framework; path = System/Library/Frameworks/CoreMotion.framework; sourceTree = SDKROOT; };
		51F18394154221CC00EC1E77 /* GCDAsyncUdpSocket.h */ = {isa = PBXFileReference; fileEncoding = 4; lastKnownFileType = sourcecode.c.h; path = GCDAsyncUdpSocket.h; sourceTree = "<group>"; };
		51F18395154221CC00EC1E77 /* GCDAsyncUdpSocket.m */ = {isa = PBXFileReference; fileEncoding = 4; lastKnownFileType = sourcecode.c.objc; path = GCDAsyncUdpSocket.m; sourceTree = "<group>"; };
		51F183971542374000EC1E77 /* pause.png */ = {isa = PBXFileReference; lastKnownFileType = image.png; path = pause.png; sourceTree = "<group>"; };
		51F183981542374000EC1E77 /* play.png */ = {isa = PBXFileReference; lastKnownFileType = image.png; path = play.png; sourceTree = "<group>"; };
/* End PBXFileReference section */

/* Begin PBXFrameworksBuildPhase section */
		51DC5FDC153F8D020040AE3B /* Frameworks */ = {
			isa = PBXFrameworksBuildPhase;
			buildActionMask = 2147483647;
			files = (
				518E93A215428F6A0040B782 /* CFNetwork.framework in Frameworks */,
				518E93A015428F450040B782 /* Security.framework in Frameworks */,
				51F183881541362300EC1E77 /* CoreMotion.framework in Frameworks */,
				51F183821540AC2F00EC1E77 /* AudioToolbox.framework in Frameworks */,
				51F1837E1540AB9000EC1E77 /* CoreAudio.framework in Frameworks */,
				51F1836C153F9B0F00EC1E77 /* CoreMedia.framework in Frameworks */,
				51F18369153F981700EC1E77 /* AVFoundation.framework in Frameworks */,
				51DC6006153F92BD0040AE3B /* MediaPlayer.framework in Frameworks */,
				51DC5FE4153F8D020040AE3B /* UIKit.framework in Frameworks */,
				51DC5FE6153F8D020040AE3B /* Foundation.framework in Frameworks */,
				51DC5FE8153F8D020040AE3B /* CoreGraphics.framework in Frameworks */,
			);
			runOnlyForDeploymentPostprocessing = 0;
		};
/* End PBXFrameworksBuildPhase section */

/* Begin PBXGroup section */
		51DC5FD4153F8D020040AE3B = {
			isa = PBXGroup;
			children = (
				51DC5FE9153F8D020040AE3B /* audio */,
				51DC5FE2153F8D020040AE3B /* Frameworks */,
				51DC5FE0153F8D020040AE3B /* Products */,
			);
			sourceTree = "<group>";
		};
		51DC5FE0153F8D020040AE3B /* Products */ = {
			isa = PBXGroup;
			children = (
				51DC5FDF153F8D020040AE3B /* audio.app */,
			);
			name = Products;
			sourceTree = "<group>";
		};
		51DC5FE2153F8D020040AE3B /* Frameworks */ = {
			isa = PBXGroup;
			children = (
				518E93A115428F6A0040B782 /* CFNetwork.framework */,
				518E939F15428F450040B782 /* Security.framework */,
				51F183871541362300EC1E77 /* CoreMotion.framework */,
				51F183811540AC2F00EC1E77 /* AudioToolbox.framework */,
				51F1837D1540AB9000EC1E77 /* CoreAudio.framework */,
				51F1836B153F9B0F00EC1E77 /* CoreMedia.framework */,
				51F18368153F981700EC1E77 /* AVFoundation.framework */,
				51DC6005153F92BD0040AE3B /* MediaPlayer.framework */,
				51DC5FE3153F8D020040AE3B /* UIKit.framework */,
				51DC5FE5153F8D020040AE3B /* Foundation.framework */,
				51DC5FE7153F8D020040AE3B /* CoreGraphics.framework */,
			);
			name = Frameworks;
			sourceTree = "<group>";
		};
		51DC5FE9153F8D020040AE3B /* audio */ = {
			isa = PBXGroup;
			children = (
				518E939C15428D3B0040B782 /* GCDAsyncSocket.h */,
				518E939D15428D3B0040B782 /* GCDAsyncSocket.m */,
				51F183971542374000EC1E77 /* pause.png */,
				51F183981542374000EC1E77 /* play.png */,
				51F18394154221CC00EC1E77 /* GCDAsyncUdpSocket.h */,
				51F18395154221CC00EC1E77 /* GCDAsyncUdpSocket.m */,
				51DC5FF2153F8D020040AE3B /* AppDelegate.h */,
				51DC5FF3153F8D020040AE3B /* AppDelegate.m */,
				51DC5FF5153F8D020040AE3B /* ViewController.h */,
				51DC5FF6153F8D020040AE3B /* ViewController.m */,
				51DC5FF8153F8D020040AE3B /* ViewController.xib */,
				51F18371153FEF8F00EC1E77 /* FetchAudioOperation.h */,
				51F18372153FEF8F00EC1E77 /* FetchAudioOperation.m */,
				51DC5FEA153F8D020040AE3B /* Supporting Files */,
			);
			path = audio;
			sourceTree = "<group>";
		};
		51DC5FEA153F8D020040AE3B /* Supporting Files */ = {
			isa = PBXGroup;
			children = (
				51DC5FEB153F8D020040AE3B /* audio-Info.plist */,
				51DC5FEC153F8D020040AE3B /* InfoPlist.strings */,
				51DC5FEF153F8D020040AE3B /* main.m */,
				51DC5FF1153F8D020040AE3B /* audio-Prefix.pch */,
			);
			name = "Supporting Files";
			sourceTree = "<group>";
		};
/* End PBXGroup section */

/* Begin PBXNativeTarget section */
		51DC5FDE153F8D020040AE3B /* audio */ = {
			isa = PBXNativeTarget;
			buildConfigurationList = 51DC5FFD153F8D020040AE3B /* Build configuration list for PBXNativeTarget "audio" */;
			buildPhases = (
				51DC5FDB153F8D020040AE3B /* Sources */,
				51DC5FDC153F8D020040AE3B /* Frameworks */,
				51DC5FDD153F8D020040AE3B /* Resources */,
			);
			buildRules = (
			);
			dependencies = (
			);
			name = audio;
			productName = audio;
			productReference = 51DC5FDF153F8D020040AE3B /* audio.app */;
			productType = "com.apple.product-type.application";
		};
/* End PBXNativeTarget section */

/* Begin PBXProject section */
		51DC5FD6153F8D020040AE3B /* Project object */ = {
			isa = PBXProject;
			attributes = {
				LastUpgradeCheck = 0430;
				ORGANIZATIONNAME = "University of Michigan, Ann Arbor";
			};
			buildConfigurationList = 51DC5FD9153F8D020040AE3B /* Build configuration list for PBXProject "audio" */;
			compatibilityVersion = "Xcode 3.2";
			developmentRegion = English;
			hasScannedForEncodings = 0;
			knownRegions = (
				en,
			);
			mainGroup = 51DC5FD4153F8D020040AE3B;
			productRefGroup = 51DC5FE0153F8D020040AE3B /* Products */;
			projectDirPath = "";
			projectRoot = "";
			targets = (
				51DC5FDE153F8D020040AE3B /* audio */,
			);
		};
/* End PBXProject section */

/* Begin PBXResourcesBuildPhase section */
		51DC5FDD153F8D020040AE3B /* Resources */ = {
			isa = PBXResourcesBuildPhase;
			buildActionMask = 2147483647;
			files = (
				51DC5FEE153F8D020040AE3B /* InfoPlist.strings in Resources */,
				51DC5FFA153F8D020040AE3B /* ViewController.xib in Resources */,
				51F183991542374000EC1E77 /* pause.png in Resources */,
				51F1839A1542374000EC1E77 /* play.png in Resources */,
			);
			runOnlyForDeploymentPostprocessing = 0;
		};
/* End PBXResourcesBuildPhase section */

/* Begin PBXSourcesBuildPhase section */
		51DC5FDB153F8D020040AE3B /* Sources */ = {
			isa = PBXSourcesBuildPhase;
			buildActionMask = 2147483647;
			files = (
				51DC5FF0153F8D020040AE3B /* main.m in Sources */,
				51DC5FF4153F8D020040AE3B /* AppDelegate.m in Sources */,
				51DC5FF7153F8D020040AE3B /* ViewController.m in Sources */,
				51F18373153FEF8F00EC1E77 /* FetchAudioOperation.m in Sources */,
				51F18396154221CC00EC1E77 /* GCDAsyncUdpSocket.m in Sources */,
				518E939E15428D3B0040B782 /* GCDAsyncSocket.m in Sources */,
			);
			runOnlyForDeploymentPostprocessing = 0;
		};
/* End PBXSourcesBuildPhase section */

/* Begin PBXVariantGroup section */
		51DC5FEC153F8D020040AE3B /* InfoPlist.strings */ = {
			isa = PBXVariantGroup;
			children = (
				51DC5FED153F8D020040AE3B /* en */,
			);
			name = InfoPlist.strings;
			sourceTree = "<group>";
		};
		51DC5FF8153F8D020040AE3B /* ViewController.xib */ = {
			isa = PBXVariantGroup;
			children = (
				51DC5FF9153F8D020040AE3B /* en */,
			);
			name = ViewController.xib;
			sourceTree = "<group>";
		};
/* End PBXVariantGroup section */

/* Begin XCBuildConfiguration section */
		51DC5FFB153F8D020040AE3B /* Debug */ = {
			isa = XCBuildConfiguration;
			buildSettings = {
				ALWAYS_SEARCH_USER_PATHS = NO;
				ARCHS = "$(ARCHS_STANDARD_32_BIT)";
				"CODE_SIGN_IDENTITY[sdk=iphoneos*]" = "iPhone Developer";
				COPY_PHASE_STRIP = NO;
				GCC_C_LANGUAGE_STANDARD = gnu99;
				GCC_DYNAMIC_NO_PIC = NO;
				GCC_OPTIMIZATION_LEVEL = 0;
				GCC_PREPROCESSOR_DEFINITIONS = (
					"DEBUG=1",
					"$(inherited)",
				);
				GCC_SYMBOLS_PRIVATE_EXTERN = NO;
				GCC_VERSION = com.apple.compilers.llvm.clang.1_0;
				GCC_WARN_ABOUT_MISSING_PROTOTYPES = YES;
				GCC_WARN_ABOUT_RETURN_TYPE = YES;
				GCC_WARN_UNUSED_VARIABLE = YES;
				IPHONEOS_DEPLOYMENT_TARGET = 5.0;
				SDKROOT = iphoneos;
			};
			name = Debug;
		};
		51DC5FFC153F8D020040AE3B /* Release */ = {
			isa = XCBuildConfiguration;
			buildSettings = {
				ALWAYS_SEARCH_USER_PATHS = NO;
				ARCHS = "$(ARCHS_STANDARD_32_BIT)";
				"CODE_SIGN_IDENTITY[sdk=iphoneos*]" = "iPhone Developer";
				COPY_PHASE_STRIP = YES;
				GCC_C_LANGUAGE_STANDARD = gnu99;
				GCC_VERSION = com.apple.compilers.llvm.clang.1_0;
				GCC_WARN_ABOUT_MISSING_PROTOTYPES = YES;
				GCC_WARN_ABOUT_RETURN_TYPE = YES;
				GCC_WARN_UNUSED_VARIABLE = YES;
				IPHONEOS_DEPLOYMENT_TARGET = 5.0;
				OTHER_CFLAGS = "-DNS_BLOCK_ASSERTIONS=1";
				SDKROOT = iphoneos;
				VALIDATE_PRODUCT = YES;
			};
			name = Release;
		};
		51DC5FFE153F8D020040AE3B /* Debug */ = {
			isa = XCBuildConfiguration;
			buildSettings = {
				CLANG_ENABLE_OBJC_ARC = YES;
				GCC_PRECOMPILE_PREFIX_HEADER = YES;
				GCC_PREFIX_HEADER = "audio/audio-Prefix.pch";
				INFOPLIST_FILE = "audio/audio-Info.plist";
				PRODUCT_NAME = "$(TARGET_NAME)";
				WRAPPER_EXTENSION = app;
			};
			name = Debug;
		};
		51DC5FFF153F8D020040AE3B /* Release */ = {
			isa = XCBuildConfiguration;
			buildSettings = {
				CLANG_ENABLE_OBJC_ARC = YES;
				GCC_PRECOMPILE_PREFIX_HEADER = YES;
				GCC_PREFIX_HEADER = "audio/audio-Prefix.pch";
				INFOPLIST_FILE = "audio/audio-Info.plist";
				PRODUCT_NAME = "$(TARGET_NAME)";
				WRAPPER_EXTENSION = app;
			};
			name = Release;
		};
/* End XCBuildConfiguration section */

/* Begin XCConfigurationList section */
		51DC5FD9153F8D020040AE3B /* Build configuration list for PBXProject "audio" */ = {
			isa = XCConfigurationList;
			buildConfigurations = (
				51DC5FFB153F8D020040AE3B /* Debug */,
				51DC5FFC153F8D020040AE3B /* Release */,
			);
			defaultConfigurationIsVisible = 0;
			defaultConfigurationName = Release;
		};
		51DC5FFD153F8D020040AE3B /* Build configuration list for PBXNativeTarget "audio" */ = {
			isa = XCConfigurationList;
			buildConfigurations = (
				51DC5FFE153F8D020040AE3B /* Debug */,
				51DC5FFF153F8D020040AE3B /* Release */,
			);
			defaultConfigurationIsVisible = 0;
			defaultConfigurationName = Release;
		};
/* End XCConfigurationList section */
	};
	rootObject = 51DC5FD6153F8D020040AE3B /* Project object */;
}
